// !$*UTF8*$!
{
	archiveVersion = 1;
	classes = {
	};
	objectVersion = 46;
	objects = {

/* Begin PBXBuildFile section */
		81331DBD184009B200F6789C /* Foundation.framework in Frameworks */ = {isa = PBXBuildFile; fileRef = 81331DBC184009B200F6789C /* Foundation.framework */; };
		81331DBF184009B200F6789C /* CoreGraphics.framework in Frameworks */ = {isa = PBXBuildFile; fileRef = 81331DBE184009B200F6789C /* CoreGraphics.framework */; };
		81331DC1184009B200F6789C /* UIKit.framework in Frameworks */ = {isa = PBXBuildFile; fileRef = 81331DC0184009B200F6789C /* UIKit.framework */; };
		81331DC7184009B200F6789C /* InfoPlist.strings in Resources */ = {isa = PBXBuildFile; fileRef = 81331DC5184009B200F6789C /* InfoPlist.strings */; };
		81331DC9184009B200F6789C /* main.m in Sources */ = {isa = PBXBuildFile; fileRef = 81331DC8184009B200F6789C /* main.m */; };
		81331DCD184009B200F6789C /* AppDelegate.m in Sources */ = {isa = PBXBuildFile; fileRef = 81331DCC184009B200F6789C /* AppDelegate.m */; };
		81331DCF184009B200F6789C /* Images.xcassets in Resources */ = {isa = PBXBuildFile; fileRef = 81331DCE184009B200F6789C /* Images.xcassets */; };
		81331DF01840104700F6789C /* BoxesController.m in Sources */ = {isa = PBXBuildFile; fileRef = 81331DEF1840104700F6789C /* BoxesController.m */; };
/* End PBXBuildFile section */

/* Begin PBXFileReference section */
		81331DB9184009B200F6789C /* SampleUIDynamics.app */ = {isa = PBXFileReference; explicitFileType = wrapper.application; includeInIndex = 0; path = SampleUIDynamics.app; sourceTree = BUILT_PRODUCTS_DIR; };
		81331DBC184009B200F6789C /* Foundation.framework */ = {isa = PBXFileReference; lastKnownFileType = wrapper.framework; name = Foundation.framework; path = System/Library/Frameworks/Foundation.framework; sourceTree = SDKROOT; };
		81331DBE184009B200F6789C /* CoreGraphics.framework */ = {isa = PBXFileReference; lastKnownFileType = wrapper.framework; name = CoreGraphics.framework; path = System/Library/Frameworks/CoreGraphics.framework; sourceTree = SDKROOT; };
		81331DC0184009B200F6789C /* UIKit.framework */ = {isa = PBXFileReference; lastKnownFileType = wrapper.framework; name = UIKit.framework; path = System/Library/Frameworks/UIKit.framework; sourceTree = SDKROOT; };
		81331DC4184009B200F6789C /* SampleUIDynamics-Info.plist */ = {isa = PBXFileReference; lastKnownFileType = text.plist.xml; path = "SampleUIDynamics-Info.plist"; sourceTree = "<group>"; };
		81331DC6184009B200F6789C /* en */ = {isa = PBXFileReference; lastKnownFileType = text.plist.strings; name = en; path = en.lproj/InfoPlist.strings; sourceTree = "<group>"; };
		81331DC8184009B200F6789C /* main.m */ = {isa = PBXFileReference; lastKnownFileType = sourcecode.c.objc; path = main.m; sourceTree = "<group>"; };
		81331DCA184009B200F6789C /* SampleUIDynamics-Prefix.pch */ = {isa = PBXFileReference; lastKnownFileType = sourcecode.c.h; path = "SampleUIDynamics-Prefix.pch"; sourceTree = "<group>"; };
		81331DCB184009B200F6789C /* AppDelegate.h */ = {isa = PBXFileReference; lastKnownFileType = sourcecode.c.h; path = AppDelegate.h; sourceTree = "<group>"; };
		81331DCC184009B200F6789C /* AppDelegate.m */ = {isa = PBXFileReference; lastKnownFileType = sourcecode.c.objc; path = AppDelegate.m; sourceTree = "<group>"; };
		81331DCE184009B200F6789C /* Images.xcassets */ = {isa = PBXFileReference; lastKnownFileType = folder.assetcatalog; path = Images.xcassets; sourceTree = "<group>"; };
		81331DD5184009B300F6789C /* XCTest.framework */ = {isa = PBXFileReference; lastKnownFileType = wrapper.framework; name = XCTest.framework; path = Library/Frameworks/XCTest.framework; sourceTree = DEVELOPER_DIR; };
		81331DEE1840104700F6789C /* BoxesController.h */ = {isa = PBXFileReference; fileEncoding = 4; lastKnownFileType = sourcecode.c.h; path = BoxesController.h; sourceTree = "<group>"; };
		81331DEF1840104700F6789C /* BoxesController.m */ = {isa = PBXFileReference; fileEncoding = 4; lastKnownFileType = sourcecode.c.objc; path = BoxesController.m; sourceTree = "<group>"; };
/* End PBXFileReference section */

/* Begin PBXFrameworksBuildPhase section */
		81331DB6184009B200F6789C /* Frameworks */ = {
			isa = PBXFrameworksBuildPhase;
			buildActionMask = 2147483647;
			files = (
				81331DBF184009B200F6789C /* CoreGraphics.framework in Frameworks */,
				81331DC1184009B200F6789C /* UIKit.framework in Frameworks */,
				81331DBD184009B200F6789C /* Foundation.framework in Frameworks */,
			);
			runOnlyForDeploymentPostprocessing = 0;
		};
/* End PBXFrameworksBuildPhase section */

/* Begin PBXGroup section */
		81331DB0184009B200F6789C = {
			isa = PBXGroup;
			children = (
				81331DC2184009B200F6789C /* SampleUIDynamics */,
				81331DBB184009B200F6789C /* Frameworks */,
				81331DBA184009B200F6789C /* Products */,
			);
			sourceTree = "<group>";
		};
		81331DBA184009B200F6789C /* Products */ = {
			isa = PBXGroup;
			children = (
				81331DB9184009B200F6789C /* SampleUIDynamics.app */,
			);
			name = Products;
			sourceTree = "<group>";
		};
		81331DBB184009B200F6789C /* Frameworks */ = {
			isa = PBXGroup;
			children = (
				81331DBC184009B200F6789C /* Foundation.framework */,
				81331DBE184009B200F6789C /* CoreGraphics.framework */,
				81331DC0184009B200F6789C /* UIKit.framework */,
				81331DD5184009B300F6789C /* XCTest.framework */,
			);
			name = Frameworks;
			sourceTree = "<group>";
		};
		81331DC2184009B200F6789C /* SampleUIDynamics */ = {
			isa = PBXGroup;
			children = (
				81331DEE1840104700F6789C /* BoxesController.h */,
				81331DEF1840104700F6789C /* BoxesController.m */,
				81331DCB184009B200F6789C /* AppDelegate.h */,
				81331DCC184009B200F6789C /* AppDelegate.m */,
				81331DCE184009B200F6789C /* Images.xcassets */,
				81331DC3184009B200F6789C /* Supporting Files */,
			);
			path = SampleUIDynamics;
			sourceTree = "<group>";
		};
		81331DC3184009B200F6789C /* Supporting Files */ = {
			isa = PBXGroup;
			children = (
				81331DC4184009B200F6789C /* SampleUIDynamics-Info.plist */,
				81331DC5184009B200F6789C /* InfoPlist.strings */,
				81331DC8184009B200F6789C /* main.m */,
				81331DCA184009B200F6789C /* SampleUIDynamics-Prefix.pch */,
			);
			name = "Supporting Files";
			sourceTree = "<group>";
		};
/* End PBXGroup section */

/* Begin PBXNativeTarget section */
		81331DB8184009B200F6789C /* SampleUIDynamics */ = {
			isa = PBXNativeTarget;
			buildConfigurationList = 81331DE5184009B300F6789C /* Build configuration list for PBXNativeTarget "SampleUIDynamics" */;
			buildPhases = (
				81331DB5184009B200F6789C /* Sources */,
				81331DB6184009B200F6789C /* Frameworks */,
				81331DB7184009B200F6789C /* Resources */,
			);
			buildRules = (
			);
			dependencies = (
			);
			name = SampleUIDynamics;
			productName = SampleUIDynamics;
			productReference = 81331DB9184009B200F6789C /* SampleUIDynamics.app */;
			productType = "com.apple.product-type.application";
		};
/* End PBXNativeTarget section */

/* Begin PBXProject section */
		81331DB1184009B200F6789C /* Project object */ = {
			isa = PBXProject;
			attributes = {
				LastUpgradeCheck = 0500;
				ORGANIZATIONNAME = "Peter Chen";
			};
			buildConfigurationList = 81331DB4184009B200F6789C /* Build configuration list for PBXProject "SampleUIDynamics" */;
			compatibilityVersion = "Xcode 3.2";
			developmentRegion = English;
			hasScannedForEncodings = 0;
			knownRegions = (
				en,
			);
			mainGroup = 81331DB0184009B200F6789C;
			productRefGroup = 81331DBA184009B200F6789C /* Products */;
			projectDirPath = "";
			projectRoot = "";
			targets = (
				81331DB8184009B200F6789C /* SampleUIDynamics */,
			);
		};
/* End PBXProject section */

/* Begin PBXResourcesBuildPhase section */
		81331DB7184009B200F6789C /* Resources */ = {
			isa = PBXResourcesBuildPhase;
			buildActionMask = 2147483647;
			files = (
				81331DC7184009B200F6789C /* InfoPlist.strings in Resources */,
				81331DCF184009B200F6789C /* Images.xcassets in Resources */,
			);
			runOnlyForDeploymentPostprocessing = 0;
		};
/* End PBXResourcesBuildPhase section */

/* Begin PBXSourcesBuildPhase section */
		81331DB5184009B200F6789C /* Sources */ = {
			isa = PBXSourcesBuildPhase;
			buildActionMask = 2147483647;
			files = (
				81331DCD184009B200F6789C /* AppDelegate.m in Sources */,
				81331DF01840104700F6789C /* BoxesController.m in Sources */,
				81331DC9184009B200F6789C /* main.m in Sources */,
			);
			runOnlyForDeploymentPostprocessing = 0;
		};
/* End PBXSourcesBuildPhase section */

/* Begin PBXVariantGroup section */
		81331DC5184009B200F6789C /* InfoPlist.strings */ = {
			isa = PBXVariantGroup;
			children = (
				81331DC6184009B200F6789C /* en */,
			);
			name = InfoPlist.strings;
			sourceTree = "<group>";
		};
/* End PBXVariantGroup section */

/* Begin XCBuildConfiguration section */
		81331DE3184009B300F6789C /* Debug */ = {
			isa = XCBuildConfiguration;
			buildSettings = {
				ALWAYS_SEARCH_USER_PATHS = NO;
				ARCHS = "$(ARCHS_STANDARD_INCLUDING_64_BIT)";
				CLANG_CXX_LANGUAGE_STANDARD = "gnu++0x";
				CLANG_CXX_LIBRARY = "libc++";
				CLANG_ENABLE_MODULES = YES;
				CLANG_ENABLE_OBJC_ARC = YES;
				CLANG_WARN_BOOL_CONVERSION = YES;
				CLANG_WARN_CONSTANT_CONVERSION = YES;
				CLANG_WARN_DIRECT_OBJC_ISA_USAGE = YES_ERROR;
				CLANG_WARN_EMPTY_BODY = YES;
				CLANG_WARN_ENUM_CONVERSION = YES;
				CLANG_WARN_INT_CONVERSION = YES;
				CLANG_WARN_OBJC_ROOT_CLASS = YES_ERROR;
				CLANG_WARN__DUPLICATE_METHOD_MATCH = YES;
				"CODE_SIGN_IDENTITY[sdk=iphoneos*]" = "iPhone Developer";
				COPY_PHASE_STRIP = NO;
				GCC_C_LANGUAGE_STANDARD = gnu99;
				GCC_DYNAMIC_NO_PIC = NO;
				GCC_OPTIMIZATION_LEVEL = 0;
				GCC_PREPROCESSOR_DEFINITIONS = (
					"DEBUG=1",
					"$(inherited)",
				);
				GCC_SYMBOLS_PRIVATE_EXTERN = NO;
				GCC_WARN_64_TO_32_BIT_CONVERSION = YES;
				GCC_WARN_ABOUT_RETURN_TYPE = YES_ERROR;
				GCC_WARN_UNDECLARED_SELECTOR = YES;
				GCC_WARN_UNINITIALIZED_AUTOS = YES;
				GCC_WARN_UNUSED_FUNCTION = YES;
				GCC_WARN_UNUSED_VARIABLE = YES;
				IPHONEOS_DEPLOYMENT_TARGET = 7.0;
				ONLY_ACTIVE_ARCH = YES;
				SDKROOT = iphoneos;
			};
			name = Debug;
		};
		81331DE4184009B300F6789C /* Release */ = {
			isa = XCBuildConfiguration;
			buildSettings = {
				ALWAYS_SEARCH_USER_PATHS = NO;
				ARCHS = "$(ARCHS_STANDARD_INCLUDING_64_BIT)";
				CLANG_CXX_LANGUAGE_STANDARD = "gnu++0x";
				CLANG_CXX_LIBRARY = "libc++";
				CLANG_ENABLE_MODULES = YES;
				CLANG_ENABLE_OBJC_ARC = YES;
				CLANG_WARN_BOOL_CONVERSION = YES;
				CLANG_WARN_CONSTANT_CONVERSION = YES;
				CLANG_WARN_DIRECT_OBJC_ISA_USAGE = YES_ERROR;
				CLANG_WARN_EMPTY_BODY = YES;
				CLANG_WARN_ENUM_CONVERSION = YES;
				CLANG_WARN_INT_CONVERSION = YES;
				CLANG_WARN_OBJC_ROOT_CLASS = YES_ERROR;
				CLANG_WARN__DUPLICATE_METHOD_MATCH = YES;
				"CODE_SIGN_IDENTITY[sdk=iphoneos*]" = "iPhone Developer";
				COPY_PHASE_STRIP = YES;
				ENABLE_NS_ASSERTIONS = NO;
				GCC_C_LANGUAGE_STANDARD = gnu99;
				GCC_WARN_64_TO_32_BIT_CONVERSION = YES;
				GCC_WARN_ABOUT_RETURN_TYPE = YES_ERROR;
				GCC_WARN_UNDECLARED_SELECTOR = YES;
				GCC_WARN_UNINITIALIZED_AUTOS = YES;
				GCC_WARN_UNUSED_FUNCTION = YES;
				GCC_WARN_UNUSED_VARIABLE = YES;
				IPHONEOS_DEPLOYMENT_TARGET = 7.0;
				SDKROOT = iphoneos;
				VALIDATE_PRODUCT = YES;
			};
			name = Release;
		};
		81331DE6184009B300F6789C /* Debug */ = {
			isa = XCBuildConfiguration;
			buildSettings = {
				ASSETCATALOG_COMPILER_APPICON_NAME = AppIcon;
				ASSETCATALOG_COMPILER_LAUNCHIMAGE_NAME = LaunchImage;
				GCC_PRECOMPILE_PREFIX_HEADER = YES;
				GCC_PREFIX_HEADER = "SampleUIDynamics/SampleUIDynamics-Prefix.pch";
				INFOPLIST_FILE = "SampleUIDynamics/SampleUIDynamics-Info.plist";
				PRODUCT_NAME = "$(TARGET_NAME)";
				WRAPPER_EXTENSION = app;
			};
			name = Debug;
		};
		81331DE7184009B300F6789C /* Release */ = {
			isa = XCBuildConfiguration;
			buildSettings = {
				ASSETCATALOG_COMPILER_APPICON_NAME = AppIcon;
				ASSETCATALOG_COMPILER_LAUNCHIMAGE_NAME = LaunchImage;
				GCC_PRECOMPILE_PREFIX_HEADER = YES;
				GCC_PREFIX_HEADER = "SampleUIDynamics/SampleUIDynamics-Prefix.pch";
				INFOPLIST_FILE = "SampleUIDynamics/SampleUIDynamics-Info.plist";
				PRODUCT_NAME = "$(TARGET_NAME)";
				WRAPPER_EXTENSION = app;
			};
			name = Release;
		};
/* End XCBuildConfiguration section */

/* Begin XCConfigurationList section */
		81331DB4184009B200F6789C /* Build configuration list for PBXProject "SampleUIDynamics" */ = {
			isa = XCConfigurationList;
			buildConfigurations = (
				81331DE3184009B300F6789C /* Debug */,
				81331DE4184009B300F6789C /* Release */,
			);
			defaultConfigurationIsVisible = 0;
			defaultConfigurationName = Release;
		};
		81331DE5184009B300F6789C /* Build configuration list for PBXNativeTarget "SampleUIDynamics" */ = {
			isa = XCConfigurationList;
			buildConfigurations = (
				81331DE6184009B300F6789C /* Debug */,
				81331DE7184009B300F6789C /* Release */,
			);
			defaultConfigurationIsVisible = 0;
			defaultConfigurationName = Release;
		};
/* End XCConfigurationList section */
	};
	rootObject = 81331DB1184009B200F6789C /* Project object */;
}
